
Microsoft Visual Studio Solution File, Format Version 12.00
# Visual Studio Express 2013 for Windows Desktop
VisualStudioVersion = 12.0.21005.1
MinimumVisualStudioVersion = 10.0.40219.1
Project("{FAE04EC0-301F-11D3-BF4B-00C04F79EFBC}") = "Networking", "Networking\Networking.csproj", "{B96212D5-97C0-493D-B1C0-35FD7DFC72DE}"
EndProject
Project("{FAE04EC0-301F-11D3-BF4B-00C04F79EFBC}") = "Test", "Test\Test.csproj", "{AFAADC2C-35F1-444B-8148-0FFC016D60FD}"
EndProject
Project("{FAE04EC0-301F-11D3-BF4B-00C04F79EFBC}") = "Boss", "Boss\Boss.csproj", "{41808562-D5E9-4E2C-9428-C0062AC63C80}"
EndProject
Project("{FAE04EC0-301F-11D3-BF4B-00C04F79EFBC}") = "PopUp", "PopUp\PopUp.csproj", "{C37F02FA-B5B0-4B10-A232-40D556FA307D}"
EndProject
Global
	GlobalSection(SolutionConfigurationPlatforms) = preSolution
		Debug|Any CPU = Debug|Any CPU
		Release|Any CPU = Release|Any CPU
	EndGlobalSection
	GlobalSection(ProjectConfigurationPlatforms) = postSolution
		{B96212D5-97C0-493D-B1C0-35FD7DFC72DE}.Debug|Any CPU.ActiveCfg = Debug|Any CPU
		{B96212D5-97C0-493D-B1C0-35FD7DFC72DE}.Debug|Any CPU.Build.0 = Debug|Any CPU
		{B96212D5-97C0-493D-B1C0-35FD7DFC72DE}.Release|Any CPU.ActiveCfg = Release|Any CPU
		{B96212D5-97C0-493D-B1C0-35FD7DFC72DE}.Release|Any CPU.Build.0 = Release|Any CPU
		{AFAADC2C-35F1-444B-8148-0FFC016D60FD}.Debug|Any CPU.ActiveCfg = Debug|Any CPU
		{AFAADC2C-35F1-444B-8148-0FFC016D60FD}.Debug|Any CPU.Build.0 = Debug|Any CPU
		{AFAADC2C-35F1-444B-8148-0FFC016D60FD}.Release|Any CPU.ActiveCfg = Release|Any CPU
		{AFAADC2C-35F1-444B-8148-0FFC016D60FD}.Release|Any CPU.Build.0 = Release|Any CPU
		{41808562-D5E9-4E2C-9428-C0062AC63C80}.Debug|Any CPU.ActiveCfg = Debug|Any CPU
		{41808562-D5E9-4E2C-9428-C0062AC63C80}.Debug|Any CPU.Build.0 = Debug|Any CPU
		{41808562-D5E9-4E2C-9428-C0062AC63C80}.Release|Any CPU.ActiveCfg = Release|Any CPU
		{41808562-D5E9-4E2C-9428-C0062AC63C80}.Release|Any CPU.Build.0 = Release|Any CPU
		{C37F02FA-B5B0-4B10-A232-40D556FA307D}.Debug|Any CPU.ActiveCfg = Debug|Any CPU
		{C37F02FA-B5B0-4B10-A232-40D556FA307D}.Debug|Any CPU.Build.0 = Debug|Any CPU
		{C37F02FA-B5B0-4B10-A232-40D556FA307D}.Release|Any CPU.ActiveCfg = Release|Any CPU
		{C37F02FA-B5B0-4B10-A232-40D556FA307D}.Release|Any CPU.Build.0 = Release|Any CPU
	EndGlobalSection
	GlobalSection(SolutionProperties) = preSolution
		HideSolutionNode = FALSE
	EndGlobalSection
EndGlobal
